{
  "name": "raghupati-monorepo",
  "lockfileVersion": 3,
  "requires": true,
  "packages": {
    "": {
      "name": "raghupati-monorepo",
      "dependencies": {
        "pydantic": "^0.0.1-security",
        "pydantic-settings": "^0.0.1-security"
      },
      "engines": {
        "node": "20.x"
      }
    },
    "node_modules/pydantic": {
      "version": "0.0.1-security",
      "resolved": "https://registry.npmjs.org/pydantic/-/pydantic-0.0.1-security.tgz",
      "integrity": "sha512-C8zhm/jGh1+r19qiElDmRyFmbGyY6JcFj9bNGoKoUbmAmMXCmN5Hmq3iBw/4MwkFETDkUpPZxGHF1lpFB+izTg=="
    },
    "node_modules/pydantic-settings": {
      "version": "0.0.1-security",
      "resolved": "https://registry.npmjs.org/pydantic-settings/-/pydantic-settings-0.0.1-security.tgz",
      "integrity": "sha512-HY5ujNHQjS/QmI4YuW+S+1ll+7p00JxO7bUGOlWRhRcnt+dynoPZb+pSmAroqlK0QXEasMlgfjZfGgT3+9BDKw=="
    }
  }
}
